# THIS IS AN AUTOGENERATED FILE. DO NOT EDIT THIS FILE DIRECTLY.
# yarn lockfile v1


"ajv@^4.9.1":
  "integrity" "sha512-I/bSHSNEcFFqXLf91nchoNB9D1Kie3QKcWdchYUaoIg1+1bdWDkdfdlvdIOJbi9U8xR0y+MWc5D+won9v95WlQ=="
  "resolved" "http://registry.npm.taobao.org/ajv/download/ajv-4.11.8.tgz"
  "version" "4.11.8"
  dependencies:
    "co" "^4.6.0"
    "json-stable-stringify" "^1.0.1"

"aphrodite@^0.5.0":
  "integrity" "sha512-bPcR/68OdLg+16XDYAaKnlGJufxrbOw86ucElS7qHm7Y6ZNvMT/D/VDEEfodjFgfyRyoTeKmSaikULG92kSYvQ=="
  "resolved" "http://registry.npm.taobao.org/aphrodite/download/aphrodite-0.5.0.tgz"
  "version" "0.5.0"
  dependencies:
    "asap" "^2.0.3"
    "inline-style-prefixer" "^2.0.0"

"asap@^2.0.3", "asap@~2.0.3":
  "integrity" "sha512-7Ql0Lz9sffzP1jDkhjeju5/6z0LnwZAMZdlJoTe2GghKnYNA+H1rZOD8rWx4b9EBjux0kJq66igvQkANmbWnKg=="
  "resolved" "http://registry.npm.taobao.org/asap/download/asap-2.0.5.tgz"
  "version" "2.0.5"

"asn1@~0.2.3":
  "integrity" "sha512-6i37w/+EhlWlGUJff3T/Q8u1RGmP5wgbiwYnOnbOqvtrPxT63/sYFyP9RcpxtxGymtfA075IvmOnL7ycNOWl3w=="
  "resolved" "http://registry.npm.taobao.org/asn1/download/asn1-0.2.3.tgz"
  "version" "0.2.3"

"assert-plus@^0.2.0":
  "integrity" "sha512-u1L0ZLywRziOVjUhRxI0Qg9G+4RnFB9H/Rq40YWn0dieDgO7vAYeJz6jKAO6t/aruzlDFLAPkQTT87e+f8Imaw=="
  "resolved" "http://registry.npm.taobao.org/assert-plus/download/assert-plus-0.2.0.tgz"
  "version" "0.2.0"

"assert-plus@^1.0.0":
  "integrity" "sha512-NfJ4UzBCcQGLDlQq7nHxH+tv3kyZ0hHQqF5BO6J7tNJeP5do1llPr8dZ8zHonfhAu0PHAdMkSo+8o0wxg9lZWw=="
  "resolved" "http://registry.npm.taobao.org/assert-plus/download/assert-plus-1.0.0.tgz"
  "version" "1.0.0"

"assert-plus@1.0.0":
  "integrity" "sha512-NfJ4UzBCcQGLDlQq7nHxH+tv3kyZ0hHQqF5BO6J7tNJeP5do1llPr8dZ8zHonfhAu0PHAdMkSo+8o0wxg9lZWw=="
  "resolved" "http://registry.npm.taobao.org/assert-plus/download/assert-plus-1.0.0.tgz"
  "version" "1.0.0"

"asynckit@^0.4.0":
  "integrity" "sha512-Oei9OH4tRh0YqU3GxhX79dM/mwVgvbZJaSNaRk+bshkj0S5cfHcgYakreBjrHwatXKbz+IoIdYLxrKim2MjW0Q=="
  "resolved" "http://registry.npm.taobao.org/asynckit/download/asynckit-0.4.0.tgz"
  "version" "0.4.0"

"aws-sign2@~0.6.0":
  "integrity" "sha512-JnJpAS0p9RmixkOvW2XwDxxzs1bd4/VAGIl6Q0EC5YOo+p+hqIhtDhn/nmFnB/xUNXbLkpE2mOjgVIBRKD4xYw=="
  "resolved" "http://registry.npm.taobao.org/aws-sign2/download/aws-sign2-0.6.0.tgz"
  "version" "0.6.0"

"aws4@^1.2.1":
  "integrity" "sha512-tkleq4Df8UWu/7xf/tfbo7t2vDa07bcONGnKhl0QXKQsh3fJ0yJ1M5wzpy8BtBSENQw/9VTsthMhLG+yXHfStQ=="
  "resolved" "http://registry.npm.taobao.org/aws4/download/aws4-1.6.0.tgz"
  "version" "1.6.0"

"babel-helper-builder-react-jsx@^6.24.1":
  "integrity" "sha512-p9MgcnD7kugw72v85G8D+CscmT87Th3BrsxNomkOVc9+KriJ4RGgsT+GG3Ie4qbF21TdJK6ccQcHOwndqHi6wQ=="
  "resolved" "http://registry.npm.taobao.org/babel-helper-builder-react-jsx/download/babel-helper-builder-react-jsx-6.24.1.tgz"
  "version" "6.24.1"
  dependencies:
    "babel-runtime" "^6.22.0"
    "babel-types" "^6.24.1"
    "esutils" "^2.0.0"

"babel-plugin-add-module-exports@^0.2.1":
  "integrity" "sha512-3AN/9V/rKuv90NG65m4tTHsI04XrCKsWbztIcW7a8H5iIN7WlvWucRtVV0V/rT4QvtA11n5Vmp20fLwfMWqp6g=="
  "resolved" "http://registry.npm.taobao.org/babel-plugin-add-module-exports/download/babel-plugin-add-module-exports-0.2.1.tgz"
  "version" "0.2.1"

"babel-plugin-syntax-flow@^6.18.0":
  "integrity" "sha512-HbTDIoG1A1op7Tl/wIFQPULIBA61tsJ8Ntq2FAhLwuijrzosM/92kAfgU1Q3Kc7DH/cprJg5vDfuTY4QUL4rDA=="
  "resolved" "http://registry.npm.taobao.org/babel-plugin-syntax-flow/download/babel-plugin-syntax-flow-6.18.0.tgz"
  "version" "6.18.0"

"babel-plugin-syntax-jsx@^6.3.13", "babel-plugin-syntax-jsx@^6.8.0":
  "integrity" "sha512-qrPaCSo9c8RHNRHIotaufGbuOBN8rtdC4QrrFFc43vyWCCz7Kl7GL1PGaXtMGQZUXrkCjNEgxDfmAuAabr/rlw=="
  "resolved" "http://registry.npm.taobao.org/babel-plugin-syntax-jsx/download/babel-plugin-syntax-jsx-6.18.0.tgz"
  "version" "6.18.0"

"babel-plugin-transform-flow-strip-types@^6.22.0":
  "integrity" "sha512-TxIM0ZWNw9oYsoTthL3lvAK3+eTujzktoXJg4ubGvICGbVuXVYv5hHv0XXpz8fbqlJaGYY4q5SVzaSmsg3t4Fg=="
  "resolved" "http://registry.npm.taobao.org/babel-plugin-transform-flow-strip-types/download/babel-plugin-transform-flow-strip-types-6.22.0.tgz"
  "version" "6.22.0"
  dependencies:
    "babel-plugin-syntax-flow" "^6.18.0"
    "babel-runtime" "^6.22.0"

"babel-plugin-transform-react-display-name@^6.23.0":
  "integrity" "sha512-gz1z3pfoLj6/vjss9v9hKrxvjP0513uS6GQdH3Xh1h+WKddCyV80SUvWclQr5DPiMqp2oCMBXOhReOFrtXajYQ=="
  "resolved" "http://registry.npm.taobao.org/babel-plugin-transform-react-display-name/download/babel-plugin-transform-react-display-name-6.23.0.tgz"
  "version" "6.23.0"
  dependencies:
    "babel-runtime" "^6.22.0"

"babel-plugin-transform-react-jsx-self@^6.22.0":
  "integrity" "sha512-Y3ZHP1nunv0U1+ysTNwLK39pabHj6cPVsfN4TRC7BDBfbgbyF4RifP5kd6LnbuMV9wcfedQMe7hn1fyKc7IzTQ=="
  "resolved" "http://registry.npm.taobao.org/babel-plugin-transform-react-jsx-self/download/babel-plugin-transform-react-jsx-self-6.22.0.tgz"
  "version" "6.22.0"
  dependencies:
    "babel-plugin-syntax-jsx" "^6.8.0"
    "babel-runtime" "^6.22.0"

"babel-plugin-transform-react-jsx-source@^6.22.0":
  "integrity" "sha512-pcDNDsZ9q/6LJmujQ/OhjeoIlp5Nl546HJ2yiFIJK3mYpgNXhI5/S9mXfVxu5yqWAi7HdI7e/q6a9xtzwL69Vw=="
  "resolved" "http://registry.npm.taobao.org/babel-plugin-transform-react-jsx-source/download/babel-plugin-transform-react-jsx-source-6.22.0.tgz"
  "version" "6.22.0"
  dependencies:
    "babel-plugin-syntax-jsx" "^6.8.0"
    "babel-runtime" "^6.22.0"

"babel-plugin-transform-react-jsx@^6.24.1":
  "integrity" "sha512-s+q/Y2u2OgDPHRuod3t6zyLoV8pUHc64i/O7ZNgIOEdYTq+ChPeybcKBi/xk9VI60VriILzFPW+dUxAEbTxh2w=="
  "resolved" "http://registry.npm.taobao.org/babel-plugin-transform-react-jsx/download/babel-plugin-transform-react-jsx-6.24.1.tgz"
  "version" "6.24.1"
  dependencies:
    "babel-helper-builder-react-jsx" "^6.24.1"
    "babel-plugin-syntax-jsx" "^6.8.0"
    "babel-runtime" "^6.22.0"

"babel-preset-flow@^6.23.0":
  "integrity" "sha512-PQZFJXnM3d80Vq4O67OE6EMVKIw2Vmzy8UXovqulNogCtblWU8rzP7Sm5YgHiCg4uejUxzCkHfNXQ4Z6GI+Dhw=="
  "resolved" "http://registry.npm.taobao.org/babel-preset-flow/download/babel-preset-flow-6.23.0.tgz"
  "version" "6.23.0"
  dependencies:
    "babel-plugin-transform-flow-strip-types" "^6.22.0"

"babel-preset-react@^6.11.1":
  "integrity" "sha512-phQe3bElbgF887UM0Dhz55d22ob8czTL1kbhZFwpCE6+R/X9kHktfwmx9JZb+bBSVRGphP5tZ9oWhVhlgjrX3Q=="
  "resolved" "http://registry.npm.taobao.org/babel-preset-react/download/babel-preset-react-6.24.1.tgz"
  "version" "6.24.1"
  dependencies:
    "babel-plugin-syntax-jsx" "^6.3.13"
    "babel-plugin-transform-react-display-name" "^6.23.0"
    "babel-plugin-transform-react-jsx" "^6.24.1"
    "babel-plugin-transform-react-jsx-self" "^6.22.0"
    "babel-plugin-transform-react-jsx-source" "^6.22.0"
    "babel-preset-flow" "^6.23.0"

"babel-runtime@^6.22.0":
  "integrity" "sha512-9Vdluea/MpskdLsLYTH10Wtc5z2U0THGHVJeqec0EHUbfEt2q3zM1piQ+/GjMl9h0drUY1hF8zHV9nmH8Kl+Og=="
  "resolved" "http://registry.npm.taobao.org/babel-runtime/download/babel-runtime-6.23.0.tgz"
  "version" "6.23.0"
  dependencies:
    "core-js" "^2.4.0"
    "regenerator-runtime" "^0.10.0"

"babel-types@^6.24.1":
  "integrity" "sha512-9EHlZrZV4dsu25zztLA7ZIBRuqe26/4BQ0j2GgWPSg4XczW9h56L1FBx657sVriLfR9fmfFt9IkWCW2gpsuHLw=="
  "resolved" "http://registry.npm.taobao.org/babel-types/download/babel-types-6.24.1.tgz"
  "version" "6.24.1"
  dependencies:
    "babel-runtime" "^6.22.0"
    "esutils" "^2.0.2"
    "lodash" "^4.2.0"
    "to-fast-properties" "^1.0.1"

"bcrypt-pbkdf@^1.0.0":
  "integrity" "sha512-vY4sOrSlpwNZXsinfJ0HpbSkFft4nhSVLeUrQ4j2ydGmBOiVY83aMJStJATBy0C3+XdaYa990kIA1qkC2mUq6g=="
  "resolved" "http://registry.npm.taobao.org/bcrypt-pbkdf/download/bcrypt-pbkdf-1.0.1.tgz"
  "version" "1.0.1"
  dependencies:
    "tweetnacl" "^0.14.3"

"boom@2.x.x":
  "integrity" "sha512-KbiZEa9/vofNcVJXGwdWWn25reQ3V3dHBWbS07FTF3/TOehLnm9GEhJV4T6ZvGPkShRpmUqYwnaCrkj0mRnP6Q=="
  "resolved" "http://registry.npm.taobao.org/boom/download/boom-2.10.1.tgz"
  "version" "2.10.1"
  dependencies:
    "hoek" "2.x.x"

"bowser@^1.0.0":
  "integrity" "sha512-/86hS0AzYhDwL7B8RGQ3TuAA/ghOV7XfLEgmckMVbcVSlZC7iPrAGNMHI6VLhwHeY7mXhFcPs86O9uBPkdgIdw=="
  "resolved" "http://registry.npm.taobao.org/bowser/download/bowser-1.6.1.tgz"
  "version" "1.6.1"

"caseless@~0.12.0":
  "integrity" "sha512-4tYFyifaFfGacoiObjJegolkwSU4xQNGbVgUiNYVUxbQ2x2lUsFvY4hVgVzGiIe6WLOPqycWXA40l+PWsxthUw=="
  "resolved" "http://registry.npm.taobao.org/caseless/download/caseless-0.12.0.tgz"
  "version" "0.12.0"

"clamp@^1.0.1":
  "integrity" "sha512-kgMuFyE78OC6Dyu3Dy7vcx4uy97EIbVxJB/B0eJ3bUNAkwdNcxYzgKltnyADiYwsR7SEqkkUPsEUT//OVS6XMA=="
  "resolved" "http://registry.npm.taobao.org/clamp/download/clamp-1.0.1.tgz"
  "version" "1.0.1"

"classnames@^2.2.4":
  "integrity" "sha512-DTt3GhOUDKhh4ONwIJW4lmhyotQmV2LjNlGK/J2hkwUcqcbKkCLAdJPtxQnxnlc7SR3f1CEXCyMmc7WLUsWbNA=="
  "resolved" "http://registry.npm.taobao.org/classnames/download/classnames-2.2.5.tgz"
  "version" "2.2.5"

"co@^4.6.0":
  "integrity" "sha512-QVb0dM5HvG+uaxitm8wONl7jltx8dqhfU33DcqtOZcLSVIKSDDLDi7+0LbAKiyI8hD9u42m2YxXSkMGWThaecQ=="
  "resolved" "http://registry.npm.taobao.org/co/download/co-4.6.0.tgz"
  "version" "4.6.0"

"combined-stream@^1.0.5", "combined-stream@~1.0.5":
  "integrity" "sha512-JgSRe4l4UzPwpJuxfcPWEK1SCrL4dxNjp1uqrQLMop3QZUVo+hDU8w9BJKA4JPbulTWI+UzrI2UA3tK12yQ6bg=="
  "resolved" "http://registry.npm.taobao.org/combined-stream/download/combined-stream-1.0.5.tgz"
  "version" "1.0.5"
  dependencies:
    "delayed-stream" "~1.0.0"

"core-js@^1.0.0":
  "integrity" "sha512-ZiPp9pZlgxpWRu0M+YWbm6+aQ84XEfH1JRXvfOc/fILWI0VKhLC2LX13X1NYq4fULzLMq7Hfh43CSo2/aIaUPA=="
  "resolved" "http://registry.npm.taobao.org/core-js/download/core-js-1.2.7.tgz"
  "version" "1.2.7"

"core-js@^2.4.0":
  "integrity" "sha512-W4Zkayb9VI4zr+s7ReDSgTTaV9KWB4L997i8/mkOV2kY1c7QGNj91k8X0zcr8Tl24oYF6kiBomCDSYO4BvQQdQ=="
  "resolved" "http://registry.npm.taobao.org/core-js/download/core-js-2.4.1.tgz"
  "version" "2.4.1"

"create-react-class@^15.5.1":
  "integrity" "sha512-4vLoLeHAFzp/yCjxKk9kM4D3cVe1YbeNaP7mfJkjSITmDNhKVaADZ1FmfQxlDBbz47EdS5THdhCIFilXOFvI1g=="
  "resolved" "http://registry.npm.taobao.org/create-react-class/download/create-react-class-15.5.2.tgz"
  "version" "15.5.2"
  dependencies:
    "fbjs" "^0.8.9"
    "object-assign" "^4.1.1"

"cryptiles@2.x.x":
  "integrity" "sha512-FFN5KwpvvQTTS5hWPxrU8/QE4kQUc6uwZcrnlMBN82t1MgAtq8mnoDwINBly9Tdr02seeIIhtdF+UH1feBYGog=="
  "resolved" "http://registry.npm.taobao.org/cryptiles/download/cryptiles-2.0.5.tgz"
  "version" "2.0.5"
  dependencies:
    "boom" "2.x.x"

"dashdash@^1.12.0":
  "integrity" "sha512-jRFi8UDGo6j+odZiEpjazZaWqEal3w/basFjQHQEwVtZJGDpxbH1MeYluwCS8Xq5wmLJooDlMgvVarmWfGM44g=="
  "resolved" "http://registry.npm.taobao.org/dashdash/download/dashdash-1.14.1.tgz"
  "version" "1.14.1"
  dependencies:
    "assert-plus" "^1.0.0"

"delayed-stream@~1.0.0":
  "integrity" "sha512-ZySD7Nf91aLB0RxL4KGrKHBXl7Eds1DAmEdcoVawXnLD7SDhpNgtuII2aAkg7a7QS41jxPSZ17p4VdGnMHk3MQ=="
  "resolved" "http://registry.npm.taobao.org/delayed-stream/download/delayed-stream-1.0.0.tgz"
  "version" "1.0.0"

"ecc-jsbn@~0.1.1":
  "integrity" "sha512-8Pvg9QY16SYajEL9W1Lk+9yM7XCK/MOq2wibslLZYAAEEkbAIO6mLkW+GFYbvvw8qTuDFzFMg40rS9IxkNCWPg=="
  "resolved" "http://registry.npm.taobao.org/ecc-jsbn/download/ecc-jsbn-0.1.1.tgz"
  "version" "0.1.1"
  dependencies:
    "jsbn" "~0.1.0"

"encoding@^0.1.11":
  "integrity" "sha512-bl1LAgiQc4ZWr++pNYUdRe/alecaHFeHxIJ/pNciqGdKXghaTCOwKkbKp6ye7pKZGu/GcaSXFk8PBVhgs+dJdA=="
  "resolved" "http://registry.npm.taobao.org/encoding/download/encoding-0.1.12.tgz"
  "version" "0.1.12"
  dependencies:
    "iconv-lite" "~0.4.13"

"esutils@^2.0.0", "esutils@^2.0.2":
  "integrity" "sha512-UUPPULqkyAV+M3Shodis7l8D+IyX6V8SbaBnTb449jf3fMTd8+UOZI1Q70NbZVOQkcR91yYgdHsJiMMMVmYshg=="
  "resolved" "http://registry.npm.taobao.org/esutils/download/esutils-2.0.2.tgz"
  "version" "2.0.2"

"extend@~3.0.0":
  "integrity" "sha512-u1aUSYGdAQxyguoP919qsgj24krDCtaO/DJFNPwFmojMmKp14gtCTVsc8lQSqRDFrwAch+mxMWC8/6ZJPz5Hpw=="
  "resolved" "http://registry.npm.taobao.org/extend/download/extend-3.0.1.tgz"
  "version" "3.0.1"

"extsprintf@1.0.2":
  "integrity" "sha512-g21Br4ELmVaKCVSUSSTXecKG+MiLcHFoby5RPPUmfZdhQTontXUOPf0QK/TvreRjgItRiyO928zxR4TCrnuwmA=="
  "resolved" "http://registry.npm.taobao.org/extsprintf/download/extsprintf-1.0.2.tgz"
  "version" "1.0.2"

"fbjs@^0.8.9":
  "integrity" "sha512-SBiP6XPiWIlX1tE5mvU/UeUFoqzJgbf+ezkl0M8D2xk4urDb+2uyjjGB10HAPluLboUqqVHtgUwwyuWakUfMgQ=="
  "resolved" "http://registry.npm.taobao.org/fbjs/download/fbjs-0.8.12.tgz"
  "version" "0.8.12"
  dependencies:
    "core-js" "^1.0.0"
    "isomorphic-fetch" "^2.1.1"
    "loose-envify" "^1.0.0"
    "object-assign" "^4.1.0"
    "promise" "^7.1.1"
    "setimmediate" "^1.0.5"
    "ua-parser-js" "^0.7.9"

"forever-agent@~0.6.1":
  "integrity" "sha512-j0KLYPhm6zeac4lz3oJ3o65qvgQCcPubiyotZrXqEaG4hNagNYO8qdlUrX5vwqv9ohqeT/Z3j6+yW067yWWdUw=="
  "resolved" "http://registry.npm.taobao.org/forever-agent/download/forever-agent-0.6.1.tgz"
  "version" "0.6.1"

"form-data@~2.1.1":
  "integrity" "sha512-8HWGSLAPr+AG0hBpsqi5Ob8HrLStN/LWeqhpFl14d7FJgHK48TmgLoALPz69XSUR65YJzDfLUX/BM8+MLJLghQ=="
  "resolved" "http://registry.npm.taobao.org/form-data/download/form-data-2.1.4.tgz"
  "version" "2.1.4"
  dependencies:
    "asynckit" "^0.4.0"
    "combined-stream" "^1.0.5"
    "mime-types" "^2.1.12"

"getpass@^0.1.1":
  "integrity" "sha512-0fzj9JxOLfJ+XGLhR8ze3unN0KZCgZwiSSDz168VERjK8Wl8kVSdcu2kspd4s4wtAa1y/qrVRiAA0WclVsu0ng=="
  "resolved" "http://registry.npm.taobao.org/getpass/download/getpass-0.1.7.tgz"
  "version" "0.1.7"
  dependencies:
    "assert-plus" "^1.0.0"

"gray-percentage@^2.0.0":
  "integrity" "sha512-T0i4bwJoXbweuBM7bJwil9iHVAwXxmS9IFsEy27cXvRYxHwR2YVSBSXBjJw4EDKUvLpfjANeT5PrvTuAH1XnTw=="
  "resolved" "http://registry.npm.taobao.org/gray-percentage/download/gray-percentage-2.0.0.tgz"
  "version" "2.0.0"

"har-schema@^1.0.5":
  "integrity" "sha512-f8xf2GOR6Rgwc9FPTLNzgwB+JQ2/zMauYXSWmX5YV5acex6VomT0ocSuwR7BfXo5MpHi+jL+saaux2fwsGJDKQ=="
  "resolved" "http://registry.npm.taobao.org/har-schema/download/har-schema-1.0.5.tgz"
  "version" "1.0.5"

"har-validator@~4.2.1":
  "integrity" "sha512-5Gbp6RAftMYYV3UEI4c4Vv3+a4dQ7taVyvHt+/L6kRt+f4HX1GweAk5UDWN0SvdVnRBzGQ6OG89pGaD9uSFnVw=="
  "resolved" "http://registry.npm.taobao.org/har-validator/download/har-validator-4.2.1.tgz"
  "version" "4.2.1"
  dependencies:
    "ajv" "^4.9.1"
    "har-schema" "^1.0.5"

"hawk@~3.1.3":
  "integrity" "sha512-X8xbmTc1cbPXcQV4WkLcRMALuyoxhfpFATmyuCxJPOAvrDS4DNnsTAOmKUxMTOWU6TzrTOkxPKwIx5ZOpJVSrg=="
  "resolved" "http://registry.npm.taobao.org/hawk/download/hawk-3.1.3.tgz"
  "version" "3.1.3"
  dependencies:
    "boom" "2.x.x"
    "cryptiles" "2.x.x"
    "hoek" "2.x.x"
    "sntp" "1.x.x"

"hoek@2.x.x":
  "integrity" "sha512-V6Yw1rIcYV/4JsnggjBU0l4Kr+EXhpwqXRusENU1Xx6ro00IHPHYNynCuBTOZAPlr3AAmLvchH9I7N/VUdvOwQ=="
  "resolved" "http://registry.npm.taobao.org/hoek/download/hoek-2.16.3.tgz"
  "version" "2.16.3"

"hoist-non-react-statics@^1.0.3":
  "integrity" "sha512-r8huvKK+m+VraiRipdZYc+U4XW43j6OFG/oIafe7GfDbRpCduRoX9JI/DRxqgtBSCeL+et6N6ibZoedHS2NyOQ=="
  "resolved" "http://registry.npm.taobao.org/hoist-non-react-statics/download/hoist-non-react-statics-1.2.0.tgz"
  "version" "1.2.0"

"http-signature@~1.1.0":
  "integrity" "sha512-iUn0NcRULlDGtqNLN1Jxmzayk8ogm7NToldASyZBpM2qggbphjXzNOiw3piN8tgz+e/DRs6X5gAzFwTI6BCRcg=="
  "resolved" "http://registry.npm.taobao.org/http-signature/download/http-signature-1.1.1.tgz"
  "version" "1.1.1"
  dependencies:
    "assert-plus" "^0.2.0"
    "jsprim" "^1.2.2"
    "sshpk" "^1.7.0"

"hyphenate-style-name@^1.0.1":
  "integrity" "sha512-8Wq4L8ixOKlr0tnaawHifNX6X5gMJ+pw1cQLXbl6cMTh9eCLOBSy5zkfpIsnwR2Toj+1LefRgfRp8Wi1lVT7Jw=="
  "resolved" "http://registry.npm.taobao.org/hyphenate-style-name/download/hyphenate-style-name-1.0.2.tgz"
  "version" "1.0.2"

"iconv-lite@~0.4.13":
  "integrity" "sha512-1OQ/A9QOJsAFxBvoN6Sz6I7aOghM6vVRcO6JuQ0O2YBOSTAGA2kBGtB11ejON7c6dRA4cvYhRftqpqf/LlAroA=="
  "resolved" "http://registry.npm.taobao.org/iconv-lite/download/iconv-lite-0.4.16.tgz"
  "version" "0.4.16"

"inline-style-prefixer@^2.0.0":
  "integrity" "sha512-rlgoApaAAv66JeDFqGYaXwglnlxjyIr7RMaFZqJw4opT0WKnZVXhXMC9SAfuMpN7NELPaImUhJmOO3hAamSlfw=="
  "resolved" "http://registry.npm.taobao.org/inline-style-prefixer/download/inline-style-prefixer-2.0.5.tgz"
  "version" "2.0.5"
  dependencies:
    "bowser" "^1.0.0"
    "hyphenate-style-name" "^1.0.1"

"invariant@^2.0.0":
  "integrity" "sha512-FUiAFCOgp7bBzHfa/fK+Uc/vqywvdN9Wg3CiTprLcE630mrhxjDS5MlBkHzeI6+bC/6bq9VX/hxBt05fPAT5WA=="
  "resolved" "http://registry.npm.taobao.org/invariant/download/invariant-2.2.2.tgz"
  "version" "2.2.2"
  dependencies:
    "loose-envify" "^1.0.0"

"is-stream@^1.0.1":
  "integrity" "sha512-uQPm8kcs47jx38atAcWTVxyltQYoPT68y9aWYdV6yWXSyW8mzSat0TL6CiWdZeCdF3KrAvpVtnHbTv4RN+rqdQ=="
  "resolved" "http://registry.npm.taobao.org/is-stream/download/is-stream-1.1.0.tgz"
  "version" "1.1.0"

"is-typedarray@~1.0.0":
  "integrity" "sha512-cyA56iCMHAh5CdzjJIa4aohJyeO1YbwLi3Jc35MmRU6poroFjIGZzUzupGiRPOjgHg9TLu43xbpwXk523fMxKA=="
  "resolved" "http://registry.npm.taobao.org/is-typedarray/download/is-typedarray-1.0.0.tgz"
  "version" "1.0.0"

"isomorphic-fetch@^2.1.1":
  "integrity" "sha512-9c4TNAKYXM5PRyVcwUZrF3W09nQ+sO7+jydgs4ZGW9dhsLG2VOlISJABombdQqQRXCwuYG3sYV/puGf5rp0qmA=="
  "resolved" "http://registry.npm.taobao.org/isomorphic-fetch/download/isomorphic-fetch-2.2.1.tgz"
  "version" "2.2.1"
  dependencies:
    "node-fetch" "^1.0.1"
    "whatwg-fetch" ">=0.10.0"

"isstream@~0.1.2":
  "integrity" "sha512-Yljz7ffyPbrLpLngrMtZ7NduUgVvi6wG9RJ9IUcyCd59YQ911PBJphODUcbOVbqYfxe1wuYf/LJ8PauMRwsM/g=="
  "resolved" "http://registry.npm.taobao.org/isstream/download/isstream-0.1.2.tgz"
  "version" "0.1.2"

"jodid25519@^1.0.0":
  "integrity" "sha512-b2Zna/wGIyTzi0Gemg27JYUaRyTyBETw5GnqyVQMr71uojOYMrgkD2+Px3bG2ZFi7/zTUXJSDoGoBOhMixq7tg=="
  "resolved" "http://registry.npm.taobao.org/jodid25519/download/jodid25519-1.0.2.tgz"
  "version" "1.0.2"
  dependencies:
    "jsbn" "~0.1.0"

"js-tokens@^3.0.0":
  "integrity" "sha512-uGx5mrUJTDuSk2T4NendihsPTPR4Pgu06OYD5bEvFSXX4MZfGSy7tL6nlYWyJUAqQYo/3xkKLyIQzIqDx4UCDg=="
  "resolved" "http://registry.npm.taobao.org/js-tokens/download/js-tokens-3.0.1.tgz"
  "version" "3.0.1"

"jsbn@~0.1.0":
  "integrity" "sha512-UVU9dibq2JcFWxQPA6KCqj5O42VOmAY3zQUfEKxU0KpTGXwNoCjkX1e13eHNvw/xPynt6pU0rZ1htjWTNTSXsg=="
  "resolved" "http://registry.npm.taobao.org/jsbn/download/jsbn-0.1.1.tgz"
  "version" "0.1.1"

"json-schema@0.2.3":
  "integrity" "sha512-a3xHnILGMtk+hDOqNwHzF6e2fNbiMrXZvxKQiEv2MlgQP+pjIOzqAmKYD2mDpXYE/44M7g+n9p2bKkYWDUcXCQ=="
  "resolved" "http://registry.npm.taobao.org/json-schema/download/json-schema-0.2.3.tgz"
  "version" "0.2.3"

"json-stable-stringify@^1.0.1":
  "integrity" "sha512-i/J297TW6xyj7sDFa7AmBPkQvLIxWr2kKPWI26tXydnZrzVAocNqn5DMNT1Mzk0vit1V5UkRM7C1KdVNp7Lmcg=="
  "resolved" "http://registry.npm.taobao.org/json-stable-stringify/download/json-stable-stringify-1.0.1.tgz"
  "version" "1.0.1"
  dependencies:
    "jsonify" "~0.0.0"

"json-stringify-safe@~5.0.1":
  "integrity" "sha512-ZClg6AaYvamvYEE82d3Iyd3vSSIjQ+odgjaTzRuO3s7toCdFKczob2i0zCh7JE8kWn17yvAWhUVxvqGwUalsRA=="
  "resolved" "http://registry.npm.taobao.org/json-stringify-safe/download/json-stringify-safe-5.0.1.tgz"
  "version" "5.0.1"

"jsonify@~0.0.0":
  "integrity" "sha512-trvBk1ki43VZptdBI5rIlG4YOzyeH/WefQt5rj1grasPn4iiZWKet8nkgc4GlsAylaztn0qZfUYOiTsASJFdNA=="
  "resolved" "http://registry.npm.taobao.org/jsonify/download/jsonify-0.0.0.tgz"
  "version" "0.0.0"

"jsprim@^1.2.2":
  "integrity" "sha512-OyKQuabgqUi2RUPauBrfZNoCb0KNoulf1DqQ07rUW2vzauzXAq/uUe7oDstV/2RavaxGn7NfcI/F2hrBk38Fbg=="
  "resolved" "http://registry.npm.taobao.org/jsprim/download/jsprim-1.4.0.tgz"
  "version" "1.4.0"
  dependencies:
    "assert-plus" "1.0.0"
    "extsprintf" "1.0.2"
    "json-schema" "0.2.3"
    "verror" "1.3.6"

"lodash-es@^4.2.1":
  "integrity" "sha512-IFCS4mLMmGqejkFwanRvT2DgWWhXlz8qxC6HGQb38brKwxX+o2ic8VFPeOlY8AwCzGY4BjSO5P3UDFCSEy6PVw=="
  "resolved" "http://registry.npm.taobao.org/lodash-es/download/lodash-es-4.17.4.tgz"
  "version" "4.17.4"

"lodash@^4.2.0", "lodash@^4.2.1":
  "integrity" "sha512-6X37Sq9KCpLSXEh8uM12AKYlviHPNNk4RxiGBn4cmKGJinbXBneWIV7iE/nXkM928O7ytHcHb6+X6Svl0f4hXg=="
  "resolved" "http://registry.npm.taobao.org/lodash/download/lodash-4.17.4.tgz"
  "version" "4.17.4"

"loose-envify@^1.0.0", "loose-envify@^1.1.0":
  "integrity" "sha512-iG/U770U9HaHmy0u+fSyxSIclZ3d9WPFtGjV2drWW0SthBnQ1Fa/SCKIaGLAVwYzrBGEPx9gen047er+MCUgnQ=="
  "resolved" "http://registry.npm.taobao.org/loose-envify/download/loose-envify-1.3.1.tgz"
  "version" "1.3.1"
  dependencies:
    "js-tokens" "^3.0.0"

"mime-db@~1.27.0":
  "integrity" "sha512-DNhC90PjVkQJpLVP+ct0lmKPQWAHFy+67X8IBOx+mda/I9vsrdJO/zoyEJdQdLsofi/l8GAG+IsfB0XCPLyLHg=="
  "resolved" "http://registry.npm.taobao.org/mime-db/download/mime-db-1.27.0.tgz"
  "version" "1.27.0"

"mime-types@^2.1.12", "mime-types@~2.1.7":
  "integrity" "sha512-PjleM8evsL+OvsuE6EXom+8QAcSYALjmw+vYFqH8I+/+wNlewVgbM7/O1wcdCVL/ta8SC6l6BEK7A0/mZywpfg=="
  "resolved" "http://registry.npm.taobao.org/mime-types/download/mime-types-2.1.15.tgz"
  "version" "2.1.15"
  dependencies:
    "mime-db" "~1.27.0"

"node-fetch@^1.0.1":
  "integrity" "sha512-BDxbhLHXFFFvilHjh9xihcDyPkXQ+kjblxnl82zAX41xUYSNvuRpFRznmldR9+OKu+p+ULZ7hNoyunlLB5ecUA=="
  "resolved" "http://registry.npm.taobao.org/node-fetch/download/node-fetch-1.6.3.tgz"
  "version" "1.6.3"
  dependencies:
    "encoding" "^0.1.11"
    "is-stream" "^1.0.1"

"oauth-sign@~0.8.1":
  "integrity" "sha512-VlF07iu3VV3+BTXj43Nmp6Irt/G7j/NgEctUS6IweH1RGhURjjCc2NWtzXFPXXWWfc7hgbXQdtiQu2LGp6MxUg=="
  "resolved" "http://registry.npm.taobao.org/oauth-sign/download/oauth-sign-0.8.2.tgz"
  "version" "0.8.2"

"object-assign@^3.0.0":
  "integrity" "sha512-jHP15vXVGeVh1HuaA2wY6lxk+whK/x4KBG88VXeRma7CCun7iGD5qPc4eYykQ9sdQvg8jkwFKsSxHln2ybW3xQ=="
  "resolved" "http://registry.npm.taobao.org/object-assign/download/object-assign-3.0.0.tgz"
  "version" "3.0.0"

"object-assign@^4.1.0", "object-assign@^4.1.1":
  "integrity" "sha512-rJgTQnkUnH1sFw8yT6VSU3zD3sWmu6sZhIseY8VX+GRu3P6F7Fu+JNDoXfklElbLJSnc3FUQHVe4cU5hj+BcUg=="
  "resolved" "http://registry.npm.taobao.org/object-assign/download/object-assign-4.1.1.tgz"
  "version" "4.1.1"

"parse-unit@^1.0.1":
  "integrity" "sha512-hrqldJHokR3Qj88EIlV/kAyAi/G5R2+R56TBANxNMy0uPlYcttx0jnMW6Yx5KsKPSbC3KddM/7qQm3+0wEXKxg=="
  "resolved" "http://registry.npm.taobao.org/parse-unit/download/parse-unit-1.0.1.tgz"
  "version" "1.0.1"

"performance-now@^0.2.0":
  "integrity" "sha512-YHk5ez1hmMR5LOkb9iJkLKqoBlL7WD5M8ljC75ZfzXriuBIVNuecaXuU7e+hOwyqf24Wxhh7Vxgt7Hnw9288Tg=="
  "resolved" "http://registry.npm.taobao.org/performance-now/download/performance-now-0.2.0.tgz"
  "version" "0.2.0"

"promise@^7.1.1":
  "integrity" "sha512-mxw1Fcl1jxLdpzS7MTIxrdiWk3CeMvZvVSGWE4P9eml3diZPBZTNV4oQsdYY3fY6j9udbmC1mSP6lqlzg6voBA=="
  "resolved" "http://registry.npm.taobao.org/promise/download/promise-7.1.1.tgz"
  "version" "7.1.1"
  dependencies:
    "asap" "~2.0.3"

"prop-types@^15.5.4", "prop-types@^15.5.7", "prop-types@~15.5.7":
  "integrity" "sha512-QiDx7s0lWoAVxmEmOYnn3rIZGduup2PZgj3rta5O5y0NfPKu3ApWi+GdMfTto7PmO/5+p4yamSLMZkj0jaTL4A=="
  "resolved" "http://registry.npm.taobao.org/prop-types/download/prop-types-15.5.8.tgz"
  "version" "15.5.8"
  dependencies:
    "fbjs" "^0.8.9"

"punycode@^1.4.1":
  "integrity" "sha512-jmYNElW7yvO7TV33CjSmvSiE2yco3bV2czu/OzDKdMNVZQWfxCblURLhf+47syQRBntjfLdd/H0egrzIG+oaFQ=="
  "resolved" "http://registry.npm.taobao.org/punycode/download/punycode-1.4.1.tgz"
  "version" "1.4.1"

"qs@~6.4.0":
  "integrity" "sha512-Qs6dfgR5OksK/PSxl1kGxiZgEQe8RqJMB9wZqVlKQfU+zzV+HY77pWJnoJENACKDQByWdpr8ZPIh1TBi4lpiSQ=="
  "resolved" "http://registry.npm.taobao.org/qs/download/qs-6.4.0.tgz"
  "version" "6.4.0"

"react-autosuggest@^3.9.0":
  "integrity" "sha512-ApBq10c4GxrDXBu8G6XQ3lydZEayvSRjR0hJcuUbPWPa/lLZzU7arXSmYbuffPIIVmrnBl/OfijBT4POHzfewg=="
  "resolved" "http://registry.npm.taobao.org/react-autosuggest/download/react-autosuggest-3.9.0.tgz"
  "version" "3.9.0"
  dependencies:
    "react-autowhatever" "^4.1.0"
    "react-redux" "^4.4.5"
    "redux" "^3.5.1"

"react-autowhatever@^4.1.0":
  "integrity" "sha512-s0ZhSwAOSFDgnUyScWf0lW4y0zsQ0YNg9lNFBkYOeO/ZfQQckgksbYb8LXO51ekGeW+iijTw9XsKTjkdfOXbTA=="
  "resolved" "http://registry.npm.taobao.org/react-autowhatever/download/react-autowhatever-4.3.0.tgz"
  "version" "4.3.0"
  dependencies:
    "react-themeable" "^1.0.1"
    "section-iterator" "^2.0.0"

"react-clickdrag@^3.0.1":
  "integrity" "sha512-AqJ6QJDF0JnPpkXIfJsIl7yRa22JbfYDFc7GMhPcie5jiDEHBxjDwEkO+88T0hI4Rix38dflXtfVl+lkGYs1Fg=="
  "resolved" "http://registry.npm.taobao.org/react-clickdrag/download/react-clickdrag-3.0.2.tgz"
  "version" "3.0.2"

"react-dom@^0.14 || ^15.0.0-rc || ^15.0", "react-dom@^15.2.1", "react-dom@0.14.x || ^15.0.0-rc":
  "integrity" "sha512-NHQPoMW0qnLFHmYZdvGlXjdUXQr1H4qkYS8tAXqL71qt2p4R9i3299njET0Vdj3xHXp3g2inQp1DZ+07p2tjWA=="
  "resolved" "http://registry.npm.taobao.org/react-dom/download/react-dom-15.5.4.tgz"
  "version" "15.5.4"
  dependencies:
    "fbjs" "^0.8.9"
    "loose-envify" "^1.1.0"
    "object-assign" "^4.1.0"
    "prop-types" "~15.5.7"

"react-input-autosize@^1.1.0":
  "integrity" "sha512-PZi8UpFYtQYrCfEmv21ilQYmcef3R/y/ZtHsG0lVsJYcm+4XGZSx7ga4Zz0YfDLkBr4jQ+xoYLdjpr66BeMvNg=="
  "resolved" "http://registry.npm.taobao.org/react-input-autosize/download/react-input-autosize-1.1.3.tgz"
  "version" "1.1.3"

"react-number-editor@^4.0.2":
  "integrity" "sha512-Cg/L/MN+qeQ+taPPJcBk/4zZb6wBDihENhAIeCmB+k8sdqxVy/XvpjevDIv4SLGWnE0TkOuuGW9ZRIjJRf0FoQ=="
  "resolved" "http://registry.npm.taobao.org/react-number-editor/download/react-number-editor-4.0.2.tgz"
  "version" "4.0.2"
  dependencies:
    "clamp" "^1.0.1"
    "react-clickdrag" "^3.0.1"

"react-redux@^4.4.5":
  "integrity" "sha512-VRWfz+wSPQmnTaWXL+Y9GNA3mc7Pjb9b9IKp2kDMZNmcwigebgqdU4q2dn7wmE08iXr9hirwXGV4ONsBUKY6Dw=="
  "resolved" "http://registry.npm.taobao.org/react-redux/download/react-redux-4.4.8.tgz"
  "version" "4.4.8"
  dependencies:
    "create-react-class" "^15.5.1"
    "hoist-non-react-statics" "^1.0.3"
    "invariant" "^2.0.0"
    "lodash" "^4.2.0"
    "loose-envify" "^1.1.0"
    "prop-types" "^15.5.4"

"react-select@^1.0.0-beta14":
  "integrity" "sha512-taj+BFT4JS+APMlc8ZTAXEViu9LHSVM7hs1cFuqsL3d7fOCuSv6M3XDQoNmOx3ZsgmS7g3RSFjLroqDOg17sYg=="
  "resolved" "http://registry.npm.taobao.org/react-select/download/react-select-1.0.0-rc.3.tgz"
  "version" "1.0.0-rc.3"
  dependencies:
    "classnames" "^2.2.4"
    "react-input-autosize" "^1.1.0"

"react-themeable@^1.0.1":
  "integrity" "sha512-kl5tQ8K+r9IdQXZd8WLa+xxYN04lLnJXRVhHfdgwsUJr/SlKJxIejoc9z9obEkx1mdqbTw1ry43fxEUwyD9u7w=="
  "resolved" "http://registry.npm.taobao.org/react-themeable/download/react-themeable-1.1.0.tgz"
  "version" "1.1.0"
  dependencies:
    "object-assign" "^3.0.0"

"react@^0.14 || ^15.0.0-rc || ^15.0", "react@^0.14.0 || ^15.0.0-0 || ^15.4.0-0 || ^16.0.0-0", "react@^0.14.7 || ^15.0.1", "react@^15.2.1", "react@^15.5.4", "react@0.14.x || ^15.0.0-rc":
  "integrity" "sha512-HrQEfVQYp+JPESriYX4KI04bpmhxAhl8vdaIRiiAZIU7cJsYDQxh6JUKfryibpiKxU/wkpJ8HlaoLAUTsWXWfQ=="
  "resolved" "http://registry.npm.taobao.org/react/download/react-15.5.4.tgz"
  "version" "15.5.4"
  dependencies:
    "fbjs" "^0.8.9"
    "loose-envify" "^1.1.0"
    "object-assign" "^4.1.0"
    "prop-types" "^15.5.7"

"redux@^2.0.0 || ^3.0.0", "redux@^3.5.1":
  "integrity" "sha512-fN5fXL4oTWTqAWoyooSfddnGPEsligiXOsdPhBqNqr402h9i9qZtRHTLnEeEEMCv6a0WLP2SZ1AWQ6krAYFPaA=="
  "resolved" "http://registry.npm.taobao.org/redux/download/redux-3.6.0.tgz"
  "version" "3.6.0"
  dependencies:
    "lodash" "^4.2.1"
    "lodash-es" "^4.2.1"
    "loose-envify" "^1.1.0"
    "symbol-observable" "^1.0.2"

"regenerator-runtime@^0.10.0":
  "integrity" "sha512-02YopEIhAgiBHWeoTiA8aitHDt8z6w+rQqNuIftlM+ZtvSl/brTouaU7DW6GO/cHtvxJvS4Hwv2ibKdxIRi24w=="
  "resolved" "http://registry.npm.taobao.org/regenerator-runtime/download/regenerator-runtime-0.10.5.tgz"
  "version" "0.10.5"

"request@^2.74.0":
  "integrity" "sha512-IZnsR7voF0miGSu29EXPRgPTuEsI/+aibNSBbN1pplrfartF5wDYGADz3iD9vmBVf2r00rckWZf8BtS5kk7Niw=="
  "resolved" "http://registry.npm.taobao.org/request/download/request-2.81.0.tgz"
  "version" "2.81.0"
  dependencies:
    "aws-sign2" "~0.6.0"
    "aws4" "^1.2.1"
    "caseless" "~0.12.0"
    "combined-stream" "~1.0.5"
    "extend" "~3.0.0"
    "forever-agent" "~0.6.1"
    "form-data" "~2.1.1"
    "har-validator" "~4.2.1"
    "hawk" "~3.1.3"
    "http-signature" "~1.1.0"
    "is-typedarray" "~1.0.0"
    "isstream" "~0.1.2"
    "json-stringify-safe" "~5.0.1"
    "mime-types" "~2.1.7"
    "oauth-sign" "~0.8.1"
    "performance-now" "^0.2.0"
    "qs" "~6.4.0"
    "safe-buffer" "^5.0.1"
    "stringstream" "~0.0.4"
    "tough-cookie" "~2.3.0"
    "tunnel-agent" "^0.6.0"
    "uuid" "^3.0.0"

"safe-buffer@^5.0.1":
  "integrity" "sha512-cr7dZWLwOeaFBLTIuZeYdkfO7UzGIKhjYENJFAxUOMKWGaWDm2nJM2rzxNRm5Owu0DH3ApwNo6kx5idXZfb/Iw=="
  "resolved" "http://registry.npm.taobao.org/safe-buffer/download/safe-buffer-5.0.1.tgz"
  "version" "5.0.1"

"section-iterator@^2.0.0":
  "integrity" "sha512-xvTNwcbeDayXotnV32zLb3duQsP+4XosHpb/F+tu6VzEZFmIjzPdNk6/O+QOOx5XTh08KL2ufdXeCO33p380pQ=="
  "resolved" "http://registry.npm.taobao.org/section-iterator/download/section-iterator-2.0.0.tgz"
  "version" "2.0.0"

"setimmediate@^1.0.5":
  "integrity" "sha512-MATJdZp8sLqDl/68LfQmbP8zKPLQNV6BIZoIgrscFDQ+RsvK/BxeDQOgyxKKoh0y/8h3BqVFnCqQ/gd+reiIXA=="
  "resolved" "http://registry.npm.taobao.org/setimmediate/download/setimmediate-1.0.5.tgz"
  "version" "1.0.5"

"sntp@1.x.x":
  "integrity" "sha512-7bgVOAnPj3XjrKY577S+puCKGCRlUrcrEdsMeRXlg9Ghf5df/xNi6sONUa43WrHUd3TjJBF7O04jYoiY0FVa0A=="
  "resolved" "http://registry.npm.taobao.org/sntp/download/sntp-1.0.9.tgz"
  "version" "1.0.9"
  dependencies:
    "hoek" "2.x.x"

"sshpk@^1.7.0":
  "integrity" "sha512-4pjoCmB+Vta6odJ3nrT2zf223+xW6mOJfYtHGX7n5CZUAVm6GhuHLbKeai3c0XoWCu6ZNyPo3Nf71CaUbgck2g=="
  "resolved" "http://registry.npm.taobao.org/sshpk/download/sshpk-1.13.0.tgz"
  "version" "1.13.0"
  dependencies:
    "asn1" "~0.2.3"
    "assert-plus" "^1.0.0"
    "dashdash" "^1.12.0"
    "getpass" "^0.1.1"
  optionalDependencies:
    "bcrypt-pbkdf" "^1.0.0"
    "ecc-jsbn" "~0.1.1"
    "jodid25519" "^1.0.0"
    "jsbn" "~0.1.0"
    "tweetnacl" "~0.14.0"

"stringstream@~0.0.4":
  "integrity" "sha512-QUQ1kThMjLRt4jA8lsn9lyIkE9bKafE7LDOL/nBBUY9Tfv2i3x1NAsVHG0uMCusFOWeeI6COhY/F20+avxRWSw=="
  "resolved" "http://registry.npm.taobao.org/stringstream/download/stringstream-0.0.5.tgz"
  "version" "0.0.5"

"symbol-observable@^1.0.2":
  "integrity" "sha512-+zhuFJT/l/6NEDL3gkjQ1flyil069glapYzByUjrUdPcn9Z3uFDHbz9TBrPhMz5xFEPyrI3NmDRlJ/lKxnIkIA=="
  "resolved" "http://registry.npm.taobao.org/symbol-observable/download/symbol-observable-1.0.4.tgz"
  "version" "1.0.4"

"to-fast-properties@^1.0.1":
  "integrity" "sha512-pe0e0JdQLxVTcG0KZrafFA53KqR1J7ufHIg9sYtVY303jTkRF/w3PWwJX2dzdW5hlWFQueIb35Z5LUqR7nr3Vw=="
  "resolved" "http://registry.npm.taobao.org/to-fast-properties/download/to-fast-properties-1.0.2.tgz"
  "version" "1.0.2"

"tough-cookie@~2.3.0":
  "integrity" "sha512-42UXjmzk88F7URyg9wDV/dlQ7hXtl/SDV6xIMVdDq82cnDGQDyg8mI8xGBPOwpEfbhvrja6cJ8H1wr0xxykBKA=="
  "resolved" "http://registry.npm.taobao.org/tough-cookie/download/tough-cookie-2.3.2.tgz"
  "version" "2.3.2"
  dependencies:
    "punycode" "^1.4.1"

"tunnel-agent@^0.6.0":
  "integrity" "sha512-McnNiV1l8RYeY8tBgEpuodCC1mLUdbSN+CYBL7kJsJNInOP8UjDDEwdk6Mw60vdLLrr5NHKZhMAOSrR2NZuQ+w=="
  "resolved" "http://registry.npm.taobao.org/tunnel-agent/download/tunnel-agent-0.6.0.tgz"
  "version" "0.6.0"
  dependencies:
    "safe-buffer" "^5.0.1"

"tweetnacl@^0.14.3", "tweetnacl@~0.14.0":
  "integrity" "sha512-KXXFFdAbFXY4geFIwoyNK+f5Z1b7swfXABfL7HXCmoIWMKU3dmS26672A4EeQtDzLKy7SXmfBu51JolvEKwtGA=="
  "resolved" "http://registry.npm.taobao.org/tweetnacl/download/tweetnacl-0.14.5.tgz"
  "version" "0.14.5"

"ua-parser-js@^0.7.9":
  "integrity" "sha512-MiAXYPAHrRyGYVa8alfMDULCdrb7eIR+HH5SE0i+6nl3XzPUl1j5ImgK32CAHrtofluPZCpweZrbtfTX1gJ11A=="
  "resolved" "http://registry.npm.taobao.org/ua-parser-js/download/ua-parser-js-0.7.12.tgz"
  "version" "0.7.12"

"uuid@^3.0.0":
  "integrity" "sha512-tyhM7iisckwwmyHVFcjTzISz/R1ss/bRudNgHFYsgeu7j4JbhRvjE+Hbcpr9y5xh+b+HxeFjuToDT4i9kQNrtA=="
  "resolved" "http://registry.npm.taobao.org/uuid/download/uuid-3.0.1.tgz"
  "version" "3.0.1"

"verror@1.3.6":
  "integrity" "sha512-i8GFYwImt5D5B8CPpi2jrDTy/faq4OEW+NkOTLSKcIdPfdYJvWv3VZddDKl0ByvBe6cJ2s5Mm2XDtv5c2pj/Eg=="
  "resolved" "http://registry.npm.taobao.org/verror/download/verror-1.3.6.tgz"
  "version" "1.3.6"
  dependencies:
    "extsprintf" "1.0.2"

"whatwg-fetch@>=0.10.0":
  "integrity" "sha512-SA2KdOXATOroD3EBUYvcdugsusXS5YiQFqwskSbsp5b1gK8HpNi/YP0jcy/BDpdllp305HMnrsVf9K7Be9GiEQ=="
  "resolved" "http://registry.npm.taobao.org/whatwg-fetch/download/whatwg-fetch-2.0.3.tgz"
  "version" "2.0.3"
